
Microsoft Visual Studio Solution File, Format Version 12.00
# Visual Studio 15
VisualStudioVersion = 15.0.28307.852
MinimumVisualStudioVersion = 10.0.40219.1
Project("{FAE04EC0-301F-11D3-BF4B-00C04F79EFBC}") = "WebApp", "05-MvcEfModelsAndViewModels\WebApp.csproj", "{B416B42F-E0BC-4C0B-BB37-D8390C8361F2}"
EndProject
Global
	GlobalSection(SolutionConfigurationPlatforms) = preSolution
		Debug|Any CPU = Debug|Any CPU
		Release|Any CPU = Release|Any CPU
	EndGlobalSection
	GlobalSection(ProjectConfigurationPlatforms) = postSolution
		{B416B42F-E0BC-4C0B-BB37-D8390C8361F2}.Debug|Any CPU.ActiveCfg = Debug|Any CPU
		{B416B42F-E0BC-4C0B-BB37-D8390C8361F2}.Debug|Any CPU.Build.0 = Debug|Any CPU
		{B416B42F-E0BC-4C0B-BB37-D8390C8361F2}.Release|Any CPU.ActiveCfg = Release|Any CPU
		{B416B42F-E0BC-4C0B-BB37-D8390C8361F2}.Release|Any CPU.Build.0 = Release|Any CPU
	EndGlobalSection
	GlobalSection(SolutionProperties) = preSolution
		HideSolutionNode = FALSE
	EndGlobalSection
	GlobalSection(ExtensibilityGlobals) = postSolution
		SolutionGuid = {E6DA308F-6949-48AA-A1D1-09DE00D241FD}
	EndGlobalSection
EndGlobal
