
Microsoft Visual Studio Solution File, Format Version 12.00
# Visual Studio 15
VisualStudioVersion = 15.0.26124.0
MinimumVisualStudioVersion = 15.0.26124.0
Project("{9A19103F-16F7-4668-BE54-9A1E7A4F7556}") = "03-OOP", "03-OOP\03-OOP.csproj", "{FD12A410-EC64-446B-BD59-00F12EEDB5EF}"
EndProject
Project("{9A19103F-16F7-4668-BE54-9A1E7A4F7556}") = "Tests", "Tests\Tests.csproj", "{8FDDD521-307D-4216-A8B3-8532622D7208}"
EndProject
Project("{9A19103F-16F7-4668-BE54-9A1E7A4F7556}") = "04-OOPBasics", "OOP-Basics\04-OOPBasics.csproj", "{9C84AA13-0F18-46AF-8C02-170A85D7ECC1}"
EndProject
Global
	GlobalSection(SolutionConfigurationPlatforms) = preSolution
		Debug|Any CPU = Debug|Any CPU
		Debug|x64 = Debug|x64
		Debug|x86 = Debug|x86
		Release|Any CPU = Release|Any CPU
		Release|x64 = Release|x64
		Release|x86 = Release|x86
	EndGlobalSection
	GlobalSection(ProjectConfigurationPlatforms) = postSolution
		{FD12A410-EC64-446B-BD59-00F12EEDB5EF}.Debug|Any CPU.ActiveCfg = Debug|Any CPU
		{FD12A410-EC64-446B-BD59-00F12EEDB5EF}.Debug|Any CPU.Build.0 = Debug|Any CPU
		{FD12A410-EC64-446B-BD59-00F12EEDB5EF}.Debug|x64.ActiveCfg = Debug|Any CPU
		{FD12A410-EC64-446B-BD59-00F12EEDB5EF}.Debug|x64.Build.0 = Debug|Any CPU
		{FD12A410-EC64-446B-BD59-00F12EEDB5EF}.Debug|x86.ActiveCfg = Debug|Any CPU
		{FD12A410-EC64-446B-BD59-00F12EEDB5EF}.Debug|x86.Build.0 = Debug|Any CPU
		{FD12A410-EC64-446B-BD59-00F12EEDB5EF}.Release|Any CPU.ActiveCfg = Release|Any CPU
		{FD12A410-EC64-446B-BD59-00F12EEDB5EF}.Release|Any CPU.Build.0 = Release|Any CPU
		{FD12A410-EC64-446B-BD59-00F12EEDB5EF}.Release|x64.ActiveCfg = Release|Any CPU
		{FD12A410-EC64-446B-BD59-00F12EEDB5EF}.Release|x64.Build.0 = Release|Any CPU
		{FD12A410-EC64-446B-BD59-00F12EEDB5EF}.Release|x86.ActiveCfg = Release|Any CPU
		{FD12A410-EC64-446B-BD59-00F12EEDB5EF}.Release|x86.Build.0 = Release|Any CPU
		{8FDDD521-307D-4216-A8B3-8532622D7208}.Debug|Any CPU.ActiveCfg = Debug|Any CPU
		{8FDDD521-307D-4216-A8B3-8532622D7208}.Debug|Any CPU.Build.0 = Debug|Any CPU
		{8FDDD521-307D-4216-A8B3-8532622D7208}.Debug|x64.ActiveCfg = Debug|Any CPU
		{8FDDD521-307D-4216-A8B3-8532622D7208}.Debug|x64.Build.0 = Debug|Any CPU
		{8FDDD521-307D-4216-A8B3-8532622D7208}.Debug|x86.ActiveCfg = Debug|Any CPU
		{8FDDD521-307D-4216-A8B3-8532622D7208}.Debug|x86.Build.0 = Debug|Any CPU
		{8FDDD521-307D-4216-A8B3-8532622D7208}.Release|Any CPU.ActiveCfg = Release|Any CPU
		{8FDDD521-307D-4216-A8B3-8532622D7208}.Release|Any CPU.Build.0 = Release|Any CPU
		{8FDDD521-307D-4216-A8B3-8532622D7208}.Release|x64.ActiveCfg = Release|Any CPU
		{8FDDD521-307D-4216-A8B3-8532622D7208}.Release|x64.Build.0 = Release|Any CPU
		{8FDDD521-307D-4216-A8B3-8532622D7208}.Release|x86.ActiveCfg = Release|Any CPU
		{8FDDD521-307D-4216-A8B3-8532622D7208}.Release|x86.Build.0 = Release|Any CPU
		{9C84AA13-0F18-46AF-8C02-170A85D7ECC1}.Debug|Any CPU.ActiveCfg = Debug|Any CPU
		{9C84AA13-0F18-46AF-8C02-170A85D7ECC1}.Debug|Any CPU.Build.0 = Debug|Any CPU
		{9C84AA13-0F18-46AF-8C02-170A85D7ECC1}.Debug|x64.ActiveCfg = Debug|Any CPU
		{9C84AA13-0F18-46AF-8C02-170A85D7ECC1}.Debug|x64.Build.0 = Debug|Any CPU
		{9C84AA13-0F18-46AF-8C02-170A85D7ECC1}.Debug|x86.ActiveCfg = Debug|Any CPU
		{9C84AA13-0F18-46AF-8C02-170A85D7ECC1}.Debug|x86.Build.0 = Debug|Any CPU
		{9C84AA13-0F18-46AF-8C02-170A85D7ECC1}.Release|Any CPU.ActiveCfg = Release|Any CPU
		{9C84AA13-0F18-46AF-8C02-170A85D7ECC1}.Release|Any CPU.Build.0 = Release|Any CPU
		{9C84AA13-0F18-46AF-8C02-170A85D7ECC1}.Release|x64.ActiveCfg = Release|Any CPU
		{9C84AA13-0F18-46AF-8C02-170A85D7ECC1}.Release|x64.Build.0 = Release|Any CPU
		{9C84AA13-0F18-46AF-8C02-170A85D7ECC1}.Release|x86.ActiveCfg = Release|Any CPU
		{9C84AA13-0F18-46AF-8C02-170A85D7ECC1}.Release|x86.Build.0 = Release|Any CPU
	EndGlobalSection
	GlobalSection(SolutionProperties) = preSolution
		HideSolutionNode = FALSE
	EndGlobalSection
	GlobalSection(ExtensibilityGlobals) = postSolution
		SolutionGuid = {69EFB200-C6BE-4E48-96FA-DB7D5C116D01}
	EndGlobalSection
EndGlobal
