
Microsoft Visual Studio Solution File, Format Version 12.00
# Visual Studio 15
VisualStudioVersion = 15.0.28307.852
MinimumVisualStudioVersion = 10.0.40219.1
Project("{FAE04EC0-301F-11D3-BF4B-00C04F79EFBC}") = "04-MvcWithEF", "04-MvcWithEF\04-MvcWithEF.csproj", "{3A6819D7-B6ED-4614-800E-8BF6A0FDF2ED}"
EndProject
Global
	GlobalSection(SolutionConfigurationPlatforms) = preSolution
		Debug|Any CPU = Debug|Any CPU
		Release|Any CPU = Release|Any CPU
	EndGlobalSection
	GlobalSection(ProjectConfigurationPlatforms) = postSolution
		{3A6819D7-B6ED-4614-800E-8BF6A0FDF2ED}.Debug|Any CPU.ActiveCfg = Debug|Any CPU
		{3A6819D7-B6ED-4614-800E-8BF6A0FDF2ED}.Debug|Any CPU.Build.0 = Debug|Any CPU
		{3A6819D7-B6ED-4614-800E-8BF6A0FDF2ED}.Release|Any CPU.ActiveCfg = Release|Any CPU
		{3A6819D7-B6ED-4614-800E-8BF6A0FDF2ED}.Release|Any CPU.Build.0 = Release|Any CPU
	EndGlobalSection
	GlobalSection(SolutionProperties) = preSolution
		HideSolutionNode = FALSE
	EndGlobalSection
	GlobalSection(ExtensibilityGlobals) = postSolution
		SolutionGuid = {718BBDAB-DA71-46C9-8E85-5C2F402B3F5B}
	EndGlobalSection
EndGlobal
